
Microsoft Visual Studio Solution File, Format Version 12.00
# Visual Studio Version 17
VisualStudioVersion = 17.0.31903.59
MinimumVisualStudioVersion = 10.0.40219.1
Project("{9A19103F-16F7-4668-BE54-9A1E7A4F7556}") = "DBison.Core", "DBison.Core\DBison.Core.csproj", "{62D952CA-5BEF-4F8D-8745-1A17728CABBC}"
EndProject
Project("{9A19103F-16F7-4668-BE54-9A1E7A4F7556}") = "DBison.Core.Entities", "DBison.Core.Entities\DBison.Core.Entities.csproj", "{BFBB2968-56FE-4508-8AB7-108BF2869B21}"
EndProject
Project("{9A19103F-16F7-4668-BE54-9A1E7A4F7556}") = "DBison.ExamplePlugin", "DBison.ExamplePlugin\DBison.ExamplePlugin.csproj", "{5C7EA0B8-9A20-4928-BDA0-26C28AA8AFF6}"
EndProject
Project("{9A19103F-16F7-4668-BE54-9A1E7A4F7556}") = "DBison.Plugin", "DBison.Plugin\DBison.Plugin.csproj", "{A5943992-0336-4770-8F35-54DF269401B2}"
EndProject
Project("{9A19103F-16F7-4668-BE54-9A1E7A4F7556}") = "DBison.WPF", "DBison.WPF\DBison.WPF.csproj", "{70184805-B55F-4361-91BD-92DE3499CC8B}"
EndProject
Project("{54435603-DBB4-11D2-8724-00A0C9A8B90C}") = "DBison.Setup", "DBison.Setup\DBison.Setup.vdproj", "{91EE9E2E-A773-47F4-B957-F4D705C7FCA1}"
EndProject
Global
	GlobalSection(SolutionConfigurationPlatforms) = preSolution
		Debug|Any CPU = Debug|Any CPU
		Release|Any CPU = Release|Any CPU
	EndGlobalSection
	GlobalSection(ProjectConfigurationPlatforms) = postSolution
		{62D952CA-5BEF-4F8D-8745-1A17728CABBC}.Debug|Any CPU.ActiveCfg = Debug|Any CPU
		{62D952CA-5BEF-4F8D-8745-1A17728CABBC}.Debug|Any CPU.Build.0 = Debug|Any CPU
		{62D952CA-5BEF-4F8D-8745-1A17728CABBC}.Release|Any CPU.ActiveCfg = Release|Any CPU
		{62D952CA-5BEF-4F8D-8745-1A17728CABBC}.Release|Any CPU.Build.0 = Release|Any CPU
		{BFBB2968-56FE-4508-8AB7-108BF2869B21}.Debug|Any CPU.ActiveCfg = Debug|Any CPU
		{BFBB2968-56FE-4508-8AB7-108BF2869B21}.Debug|Any CPU.Build.0 = Debug|Any CPU
		{BFBB2968-56FE-4508-8AB7-108BF2869B21}.Release|Any CPU.ActiveCfg = Release|Any CPU
		{BFBB2968-56FE-4508-8AB7-108BF2869B21}.Release|Any CPU.Build.0 = Release|Any CPU
		{5C7EA0B8-9A20-4928-BDA0-26C28AA8AFF6}.Debug|Any CPU.ActiveCfg = Debug|Any CPU
		{5C7EA0B8-9A20-4928-BDA0-26C28AA8AFF6}.Debug|Any CPU.Build.0 = Debug|Any CPU
		{5C7EA0B8-9A20-4928-BDA0-26C28AA8AFF6}.Release|Any CPU.ActiveCfg = Release|Any CPU
		{5C7EA0B8-9A20-4928-BDA0-26C28AA8AFF6}.Release|Any CPU.Build.0 = Release|Any CPU
		{A5943992-0336-4770-8F35-54DF269401B2}.Debug|Any CPU.ActiveCfg = Debug|Any CPU
		{A5943992-0336-4770-8F35-54DF269401B2}.Debug|Any CPU.Build.0 = Debug|Any CPU
		{A5943992-0336-4770-8F35-54DF269401B2}.Release|Any CPU.ActiveCfg = Release|Any CPU
		{A5943992-0336-4770-8F35-54DF269401B2}.Release|Any CPU.Build.0 = Release|Any CPU
		{70184805-B55F-4361-91BD-92DE3499CC8B}.Debug|Any CPU.ActiveCfg = Debug|Any CPU
		{70184805-B55F-4361-91BD-92DE3499CC8B}.Debug|Any CPU.Build.0 = Debug|Any CPU
		{70184805-B55F-4361-91BD-92DE3499CC8B}.Release|Any CPU.ActiveCfg = Release|Any CPU
		{70184805-B55F-4361-91BD-92DE3499CC8B}.Release|Any CPU.Build.0 = Release|Any CPU
		{91EE9E2E-A773-47F4-B957-F4D705C7FCA1}.Debug|Any CPU.ActiveCfg = Debug
		{91EE9E2E-A773-47F4-B957-F4D705C7FCA1}.Debug|Any CPU.Build.0 = Debug
		{91EE9E2E-A773-47F4-B957-F4D705C7FCA1}.Release|Any CPU.ActiveCfg = Release
		{91EE9E2E-A773-47F4-B957-F4D705C7FCA1}.Release|Any CPU.Build.0 = Release
	EndGlobalSection
	GlobalSection(SolutionProperties) = preSolution
		HideSolutionNode = FALSE
	EndGlobalSection
EndGlobal
