
Microsoft Visual Studio Solution File, Format Version 12.00
# Visual Studio Version 17
VisualStudioVersion = 17.9.34310.174
MinimumVisualStudioVersion = 10.0.40219.1
Project("{9A19103F-16F7-4668-BE54-9A1E7A4F7556}") = "DBison.Core", "DBison.Core\DBison.Core.csproj", "{3295AFDD-0F03-4E0F-AF56-6DF4A22F0CB0}"
EndProject
Project("{9A19103F-16F7-4668-BE54-9A1E7A4F7556}") = "DBison.WPF", "DBison.WPF\DBison.WPF.csproj", "{CBAF13CC-0B69-445F-A62E-C303D6F78A86}"
EndProject
Project("{9A19103F-16F7-4668-BE54-9A1E7A4F7556}") = "DBison.Core.Tests", "DBison.Core.Tests\DBison.Core.Tests.csproj", "{26C26CB8-560B-4F76-B990-41BA8D24A435}"
EndProject
Project("{2150E333-8FDC-42A3-9474-1A3956D46DE8}") = "Solution Items", "Solution Items", "{D743B2B8-6137-44D5-A114-7CF701A19BA3}"
EndProject
Project("{9A19103F-16F7-4668-BE54-9A1E7A4F7556}") = "DBison.Plugin", "DBison.Plugin\DBison.Plugin.csproj", "{B6D961D8-43FB-4286-86F6-C51743317BFF}"
EndProject
Project("{9A19103F-16F7-4668-BE54-9A1E7A4F7556}") = "DBison.ExamplePlugin", "DBison.ExamplePlugin\DBison.ExamplePlugin.csproj", "{D15DC4A2-3CC1-4FC0-82F3-FC0060216934}"
EndProject
Project("{9A19103F-16F7-4668-BE54-9A1E7A4F7556}") = "DBison.Core.Entities", "DBison.Core.Entities\DBison.Core.Entities.csproj", "{332DC27E-3EE5-44D5-B6DE-EA35FD583B0C}"
EndProject
Project("{54435603-DBB4-11D2-8724-00A0C9A8B90C}") = "DBison.Setup", "DBison.Setup\DBison.Setup.vdproj", "{981044D1-CB22-40AF-948E-FFD5F7AB9807}"
EndProject
Global
	GlobalSection(SolutionConfigurationPlatforms) = preSolution
		Debug|Any CPU = Debug|Any CPU
		Release|Any CPU = Release|Any CPU
	EndGlobalSection
	GlobalSection(ProjectConfigurationPlatforms) = postSolution
		{3295AFDD-0F03-4E0F-AF56-6DF4A22F0CB0}.Debug|Any CPU.ActiveCfg = Debug|Any CPU
		{3295AFDD-0F03-4E0F-AF56-6DF4A22F0CB0}.Debug|Any CPU.Build.0 = Debug|Any CPU
		{3295AFDD-0F03-4E0F-AF56-6DF4A22F0CB0}.Release|Any CPU.ActiveCfg = Release|Any CPU
		{3295AFDD-0F03-4E0F-AF56-6DF4A22F0CB0}.Release|Any CPU.Build.0 = Release|Any CPU
		{CBAF13CC-0B69-445F-A62E-C303D6F78A86}.Debug|Any CPU.ActiveCfg = Debug|Any CPU
		{CBAF13CC-0B69-445F-A62E-C303D6F78A86}.Debug|Any CPU.Build.0 = Debug|Any CPU
		{CBAF13CC-0B69-445F-A62E-C303D6F78A86}.Release|Any CPU.ActiveCfg = Release|Any CPU
		{CBAF13CC-0B69-445F-A62E-C303D6F78A86}.Release|Any CPU.Build.0 = Release|Any CPU
		{26C26CB8-560B-4F76-B990-41BA8D24A435}.Debug|Any CPU.ActiveCfg = Debug|Any CPU
		{26C26CB8-560B-4F76-B990-41BA8D24A435}.Debug|Any CPU.Build.0 = Debug|Any CPU
		{26C26CB8-560B-4F76-B990-41BA8D24A435}.Release|Any CPU.ActiveCfg = Release|Any CPU
		{26C26CB8-560B-4F76-B990-41BA8D24A435}.Release|Any CPU.Build.0 = Release|Any CPU
		{B6D961D8-43FB-4286-86F6-C51743317BFF}.Debug|Any CPU.ActiveCfg = Debug|Any CPU
		{B6D961D8-43FB-4286-86F6-C51743317BFF}.Debug|Any CPU.Build.0 = Debug|Any CPU
		{B6D961D8-43FB-4286-86F6-C51743317BFF}.Release|Any CPU.ActiveCfg = Release|Any CPU
		{B6D961D8-43FB-4286-86F6-C51743317BFF}.Release|Any CPU.Build.0 = Release|Any CPU
		{D15DC4A2-3CC1-4FC0-82F3-FC0060216934}.Debug|Any CPU.ActiveCfg = Debug|Any CPU
		{D15DC4A2-3CC1-4FC0-82F3-FC0060216934}.Debug|Any CPU.Build.0 = Debug|Any CPU
		{D15DC4A2-3CC1-4FC0-82F3-FC0060216934}.Release|Any CPU.ActiveCfg = Release|Any CPU
		{D15DC4A2-3CC1-4FC0-82F3-FC0060216934}.Release|Any CPU.Build.0 = Release|Any CPU
		{332DC27E-3EE5-44D5-B6DE-EA35FD583B0C}.Debug|Any CPU.ActiveCfg = Debug|Any CPU
		{332DC27E-3EE5-44D5-B6DE-EA35FD583B0C}.Debug|Any CPU.Build.0 = Debug|Any CPU
		{332DC27E-3EE5-44D5-B6DE-EA35FD583B0C}.Release|Any CPU.ActiveCfg = Release|Any CPU
		{332DC27E-3EE5-44D5-B6DE-EA35FD583B0C}.Release|Any CPU.Build.0 = Release|Any CPU
		{981044D1-CB22-40AF-948E-FFD5F7AB9807}.Debug|Any CPU.ActiveCfg = Debug
		{981044D1-CB22-40AF-948E-FFD5F7AB9807}.Release|Any CPU.ActiveCfg = Release
	EndGlobalSection
	GlobalSection(SolutionProperties) = preSolution
		HideSolutionNode = FALSE
	EndGlobalSection
	GlobalSection(ExtensibilityGlobals) = postSolution
		SolutionGuid = {C8F10F86-6E29-4BD9-AEEC-3793EDDA40F3}
	EndGlobalSection
EndGlobal
