
Microsoft Visual Studio Solution File, Format Version 12.00
# Visual Studio Version 17
VisualStudioVersion = 17.9.34310.174
MinimumVisualStudioVersion = 10.0.40219.1
Project("{FAE04EC0-301F-11D3-BF4B-00C04F79EFBC}") = "DBison.Core", "DBison.Core\DBison.Core.csproj", "{3295AFDD-0F03-4E0F-AF56-6DF4A22F0CB0}"
EndProject
Project("{FAE04EC0-301F-11D3-BF4B-00C04F79EFBC}") = "DBison.WPF", "DBison.WPF\DBison.WPF.csproj", "{CBAF13CC-0B69-445F-A62E-C303D6F78A86}"
EndProject
Project("{FAE04EC0-301F-11D3-BF4B-00C04F79EFBC}") = "DBison.Core.Tests", "DBison.Core.Tests\DBison.Core.Tests.csproj", "{26C26CB8-560B-4F76-B990-41BA8D24A435}"
EndProject
Global
	GlobalSection(SolutionConfigurationPlatforms) = preSolution
		Debug|Any CPU = Debug|Any CPU
		Release|Any CPU = Release|Any CPU
	EndGlobalSection
	GlobalSection(ProjectConfigurationPlatforms) = postSolution
		{3295AFDD-0F03-4E0F-AF56-6DF4A22F0CB0}.Debug|Any CPU.ActiveCfg = Debug|Any CPU
		{3295AFDD-0F03-4E0F-AF56-6DF4A22F0CB0}.Debug|Any CPU.Build.0 = Debug|Any CPU
		{3295AFDD-0F03-4E0F-AF56-6DF4A22F0CB0}.Release|Any CPU.ActiveCfg = Release|Any CPU
		{3295AFDD-0F03-4E0F-AF56-6DF4A22F0CB0}.Release|Any CPU.Build.0 = Release|Any CPU
		{CBAF13CC-0B69-445F-A62E-C303D6F78A86}.Debug|Any CPU.ActiveCfg = Debug|Any CPU
		{CBAF13CC-0B69-445F-A62E-C303D6F78A86}.Debug|Any CPU.Build.0 = Debug|Any CPU
		{CBAF13CC-0B69-445F-A62E-C303D6F78A86}.Release|Any CPU.ActiveCfg = Release|Any CPU
		{CBAF13CC-0B69-445F-A62E-C303D6F78A86}.Release|Any CPU.Build.0 = Release|Any CPU
		{26C26CB8-560B-4F76-B990-41BA8D24A435}.Debug|Any CPU.ActiveCfg = Debug|Any CPU
		{26C26CB8-560B-4F76-B990-41BA8D24A435}.Debug|Any CPU.Build.0 = Debug|Any CPU
		{26C26CB8-560B-4F76-B990-41BA8D24A435}.Release|Any CPU.ActiveCfg = Release|Any CPU
		{26C26CB8-560B-4F76-B990-41BA8D24A435}.Release|Any CPU.Build.0 = Release|Any CPU
	EndGlobalSection
	GlobalSection(SolutionProperties) = preSolution
		HideSolutionNode = FALSE
	EndGlobalSection
	GlobalSection(ExtensibilityGlobals) = postSolution
		SolutionGuid = {C8F10F86-6E29-4BD9-AEEC-3793EDDA40F3}
	EndGlobalSection
EndGlobal
